
Microsoft Visual Studio Solution File, Format Version 12.00
# Visual Studio Version 16
VisualStudioVersion = 16.0.31112.23
MinimumVisualStudioVersion = 10.0.40219.1
Project("{FAE04EC0-301F-11D3-BF4B-00C04F79EFBC}") = "Trabalho Prático do Grau A", "Trabalho Prático do Grau A\Trabalho Prático do Grau A.csproj", "{5414F112-D26F-45D9-B568-72E411B4CCAA}"
EndProject
Global
	GlobalSection(SolutionConfigurationPlatforms) = preSolution
		Debug|Any CPU = Debug|Any CPU
		Release|Any CPU = Release|Any CPU
	EndGlobalSection
	GlobalSection(ProjectConfigurationPlatforms) = postSolution
		{5414F112-D26F-45D9-B568-72E411B4CCAA}.Debug|Any CPU.ActiveCfg = Debug|Any CPU
		{5414F112-D26F-45D9-B568-72E411B4CCAA}.Debug|Any CPU.Build.0 = Debug|Any CPU
		{5414F112-D26F-45D9-B568-72E411B4CCAA}.Release|Any CPU.ActiveCfg = Release|Any CPU
		{5414F112-D26F-45D9-B568-72E411B4CCAA}.Release|Any CPU.Build.0 = Release|Any CPU
	EndGlobalSection
	GlobalSection(SolutionProperties) = preSolution
		HideSolutionNode = FALSE
	EndGlobalSection
	GlobalSection(ExtensibilityGlobals) = postSolution
		SolutionGuid = {F722977C-AF43-439B-8FC3-95F0618D670A}
	EndGlobalSection
EndGlobal
